<?xml version="1.0" encoding="utf-8"?>
<Project ToolsVersion="4.0" xmlns="http://schemas.microsoft.com/developer/msbuild/2003">
  <ItemGroup>
    <Filter Include="소스 파일">
      <UniqueIdentifier>{4FC737F1-C7A5-4376-A066-2A32D752A2FF}</UniqueIdentifier>
      <Extensions>cpp;c;cc;cxx;c++;cppm;ixx;def;odl;idl;hpj;bat;asm;asmx</Extensions>
    </Filter>
    <Filter Include="헤더 파일">
      <UniqueIdentifier>{93995380-89BD-4b04-88EB-625FBE52EBFB}</UniqueIdentifier>
      <Extensions>h;hh;hpp;hxx;h++;hm;inl;inc;ipp;xsd</Extensions>
    </Filter>
    <Filter Include="리소스 파일">
      <UniqueIdentifier>{67DA6AB6-F800-4c08-8B7A-83BB121AAD01}</UniqueIdentifier>
      <Extensions>rc;ico;cur;bmp;dlg;rc2;rct;bin;rgs;gif;jpg;jpeg;jpe;resx;tiff;tif;png;wav;mfcribbon-ms</Extensions>
    </Filter>
  </ItemGroup>
  <ItemGroup>
    <ClCompile Include="1_생성자1.cpp">
      <Filter>소스 파일</Filter>
    </ClCompile>
    <ClCompile Include="1_생성자2.cpp">
      <Filter>소스 파일</Filter>
    </ClCompile>
    <ClCompile Include="1_생성자3.cpp">
      <Filter>소스 파일</Filter>
    </ClCompile>
    <ClCompile Include="2_upcasting1.cpp">
      <Filter>소스 파일</Filter>
    </ClCompile>
    <ClCompile Include="2_upcasting2.cpp">
      <Filter>소스 파일</Filter>
    </ClCompile>
    <ClCompile Include="2_upcasting3.cpp">
      <Filter>소스 파일</Filter>
    </ClCompile>
    <ClCompile Include="3_가상함수1.cpp">
      <Filter>소스 파일</Filter>
    </ClCompile>
    <ClCompile Include="3_가상함수2.cpp">
      <Filter>소스 파일</Filter>
    </ClCompile>
    <ClCompile Include="3_가상함수3.cpp">
      <Filter>소스 파일</Filter>
    </ClCompile>
    <ClCompile Include="4_추상클래스1.cpp">
      <Filter>소스 파일</Filter>
    </ClCompile>
    <ClCompile Include="4_추상클래스2.cpp">
      <Filter>소스 파일</Filter>
    </ClCompile>
    <ClCompile Include="4_추상클래스3.cpp">
      <Filter>소스 파일</Filter>
    </ClCompile>
    <ClCompile Include="5_도형편집기1.cpp">
      <Filter>소스 파일</Filter>
    </ClCompile>
    <ClCompile Include="5_도형편집기2.cpp">
      <Filter>소스 파일</Filter>
    </ClCompile>
    <ClCompile Include="5_도형편집기3.cpp">
      <Filter>소스 파일</Filter>
    </ClCompile>
    <ClCompile Include="5_도형편집기4.cpp">
      <Filter>소스 파일</Filter>
    </ClCompile>
    <ClCompile Include="5_도형편집기5.cpp">
      <Filter>소스 파일</Filter>
    </ClCompile>
    <ClCompile Include="5_도형편집기6.cpp">
      <Filter>소스 파일</Filter>
    </ClCompile>
    <ClCompile Include="5_도형편집기7.cpp">
      <Filter>소스 파일</Filter>
    </ClCompile>
    <ClCompile Include="5_도형편집기8.cpp">
      <Filter>소스 파일</Filter>
    </ClCompile>
    <ClCompile Include="6_Edit1.cpp">
      <Filter>소스 파일</Filter>
    </ClCompile>
    <ClCompile Include="6_Edit2.cpp">
      <Filter>소스 파일</Filter>
    </ClCompile>
    <ClCompile Include="6_Edit3.cpp">
      <Filter>소스 파일</Filter>
    </ClCompile>
    <ClCompile Include="6_Edit4.cpp">
      <Filter>소스 파일</Filter>
    </ClCompile>
    <ClCompile Include="7_단위전략1.cpp">
      <Filter>소스 파일</Filter>
    </ClCompile>
    <ClCompile Include="7_단위전략2.cpp">
      <Filter>소스 파일</Filter>
    </ClCompile>
    <ClCompile Include="7_단위전략3.cpp">
      <Filter>소스 파일</Filter>
    </ClCompile>
    <ClCompile Include="7_단위전략4.cpp">
      <Filter>소스 파일</Filter>
    </ClCompile>
    <ClCompile Include="7_단위전략5.cpp">
      <Filter>소스 파일</Filter>
    </ClCompile>
    <ClCompile Include="7_단위전략6.cpp">
      <Filter>소스 파일</Filter>
    </ClCompile>
    <ClCompile Include="7_단위전략7.cpp">
      <Filter>소스 파일</Filter>
    </ClCompile>
    <ClCompile Include="2_upcasting3_1.cpp">
      <Filter>소스 파일</Filter>
    </ClCompile>
    <ClCompile Include="3_가상함수2_1.cpp">
      <Filter>소스 파일</Filter>
    </ClCompile>
  </ItemGroup>
</Project>